# This file is automatically @generated by Cargo.
# It is not intended for manual editing.
version = 4

[[package]]
name = "colchis"
version = "0.1.0"
dependencies = [
 "vers-vecs",
]

[[package]]
name = "vers-vecs"
version = "1.6.3"
source = "registry+https://github.com/rust-lang/crates.io-index"
checksum = "9c18021b9786542dedda2a3d453c810c9e84cca7938d5f5ed9eff9873bf7db91"
